
Microsoft Visual Studio Solution File, Format Version 12.00
# Visual Studio 15
VisualStudioVersion = 15.0.28010.0
MinimumVisualStudioVersion = 10.0.40219.1
Project("{FAE04EC0-301F-11D3-BF4B-00C04F79EFBC}") = "RPCPricingApp", "RPCPricingApp\RPCPricingApp.csproj", "{0F8DF467-6024-4633-80A6-90A5D314B80E}"
EndProject
Project("{FAE04EC0-301F-11D3-BF4B-00C04F79EFBC}") = "PricingDatastoreTestHarness", "PricingDatastoreTestHarness\PricingDatastoreTestHarness.csproj", "{17603869-52F6-4740-A684-D1322C102221}"
EndProject
Global
	GlobalSection(SolutionConfigurationPlatforms) = preSolution
		Debug|Any CPU = Debug|Any CPU
		Release|Any CPU = Release|Any CPU
	EndGlobalSection
	GlobalSection(ProjectConfigurationPlatforms) = postSolution
		{0F8DF467-6024-4633-80A6-90A5D314B80E}.Debug|Any CPU.ActiveCfg = Debug|Any CPU
		{0F8DF467-6024-4633-80A6-90A5D314B80E}.Debug|Any CPU.Build.0 = Debug|Any CPU
		{0F8DF467-6024-4633-80A6-90A5D314B80E}.Release|Any CPU.ActiveCfg = Release|Any CPU
		{0F8DF467-6024-4633-80A6-90A5D314B80E}.Release|Any CPU.Build.0 = Release|Any CPU
		{17603869-52F6-4740-A684-D1322C102221}.Debug|Any CPU.ActiveCfg = Debug|Any CPU
		{17603869-52F6-4740-A684-D1322C102221}.Debug|Any CPU.Build.0 = Debug|Any CPU
		{17603869-52F6-4740-A684-D1322C102221}.Release|Any CPU.ActiveCfg = Release|Any CPU
		{17603869-52F6-4740-A684-D1322C102221}.Release|Any CPU.Build.0 = Release|Any CPU
	EndGlobalSection
	GlobalSection(SolutionProperties) = preSolution
		HideSolutionNode = FALSE
	EndGlobalSection
	GlobalSection(ExtensibilityGlobals) = postSolution
		SolutionGuid = {D34F703A-C3DD-4860-A580-39F4F1B3D686}
	EndGlobalSection
EndGlobal
